
Microsoft Visual Studio Solution File, Format Version 12.00
# Visual Studio Version 17
VisualStudioVersion = 17.9.34728.123
MinimumVisualStudioVersion = 10.0.40219.1
Project("{F184B08F-C81C-45F6-A57F-5ABD9991F28F}") = "ControlePatrimonio", "ControlePatrimonio\ControlePatrimonio.vbproj", "{71BCEDF7-9C33-463F-AAA7-0B39D4561B4E}"
EndProject
Global
	GlobalSection(SolutionConfigurationPlatforms) = preSolution
		Debug|Any CPU = Debug|Any CPU
		Release|Any CPU = Release|Any CPU
	EndGlobalSection
	GlobalSection(ProjectConfigurationPlatforms) = postSolution
		{71BCEDF7-9C33-463F-AAA7-0B39D4561B4E}.Debug|Any CPU.ActiveCfg = Debug|Any CPU
		{71BCEDF7-9C33-463F-AAA7-0B39D4561B4E}.Debug|Any CPU.Build.0 = Debug|Any CPU
		{71BCEDF7-9C33-463F-AAA7-0B39D4561B4E}.Release|Any CPU.ActiveCfg = Release|Any CPU
		{71BCEDF7-9C33-463F-AAA7-0B39D4561B4E}.Release|Any CPU.Build.0 = Release|Any CPU
	EndGlobalSection
	GlobalSection(SolutionProperties) = preSolution
		HideSolutionNode = FALSE
	EndGlobalSection
	GlobalSection(ExtensibilityGlobals) = postSolution
		SolutionGuid = {5C1FF0A8-7D4D-4FA7-ABC5-39C97885ACEF}
	EndGlobalSection
EndGlobal
